
Microsoft Visual Studio Solution File, Format Version 12.00
# Visual Studio 15
VisualStudioVersion = 15.0.28307.421
MinimumVisualStudioVersion = 10.0.40219.1
Project("{8BC9CEB8-8B4A-11D0-8D11-00A0C91BC942}") = "dsRaycastNode", "dsRaycastNode\dsRaycastNode.vcxproj", "{9E357C52-B9F5-46DF-9CC5-E9C088908DBF}"
EndProject
Project("{8BC9CEB8-8B4A-11D0-8D11-00A0C91BC942}") = "dsDrawVectorNode", "dsDrawVectorNode\dsDrawVectorNode.vcxproj", "{4972B929-C0E6-4206-BCCB-E4705ACC47A3}"
EndProject
Project("{8BC9CEB8-8B4A-11D0-8D11-00A0C91BC942}") = "dsAttractDeformer", "dsAttractDeformer\dsAttractDeformer.vcxproj", "{3C4C853F-DF2E-4028-9E17-DB99282F5D45}"
EndProject
Global
	GlobalSection(SolutionConfigurationPlatforms) = preSolution
		Maya2019|x64 = Maya2019|x64
		Maya2020|x64 = Maya2020|x64
	EndGlobalSection
	GlobalSection(ProjectConfigurationPlatforms) = postSolution
		{9E357C52-B9F5-46DF-9CC5-E9C088908DBF}.Maya2019|x64.ActiveCfg = Maya2019|x64
		{9E357C52-B9F5-46DF-9CC5-E9C088908DBF}.Maya2019|x64.Build.0 = Maya2019|x64
		{9E357C52-B9F5-46DF-9CC5-E9C088908DBF}.Maya2020|x64.ActiveCfg = Maya2020|x64
		{9E357C52-B9F5-46DF-9CC5-E9C088908DBF}.Maya2020|x64.Build.0 = Maya2020|x64
		{4972B929-C0E6-4206-BCCB-E4705ACC47A3}.Maya2019|x64.ActiveCfg = Maya2019|x64
		{4972B929-C0E6-4206-BCCB-E4705ACC47A3}.Maya2019|x64.Build.0 = Maya2019|x64
		{4972B929-C0E6-4206-BCCB-E4705ACC47A3}.Maya2020|x64.ActiveCfg = Maya2020|x64
		{4972B929-C0E6-4206-BCCB-E4705ACC47A3}.Maya2020|x64.Build.0 = Maya2020|x64
		{3C4C853F-DF2E-4028-9E17-DB99282F5D45}.Maya2019|x64.ActiveCfg = Maya2019|x64
		{3C4C853F-DF2E-4028-9E17-DB99282F5D45}.Maya2019|x64.Build.0 = Maya2019|x64
		{3C4C853F-DF2E-4028-9E17-DB99282F5D45}.Maya2020|x64.ActiveCfg = Maya2020|x64
		{3C4C853F-DF2E-4028-9E17-DB99282F5D45}.Maya2020|x64.Build.0 = Maya2020|x64
	EndGlobalSection
	GlobalSection(SolutionProperties) = preSolution
		HideSolutionNode = FALSE
	EndGlobalSection
	GlobalSection(ExtensibilityGlobals) = postSolution
		SolutionGuid = {FFFC7EF4-9C96-49F9-9AAB-47E86CF60A18}
	EndGlobalSection
EndGlobal
